
Microsoft Visual Studio Solution File, Format Version 12.00
# Visual Studio Version 16
VisualStudioVersion = 16.0.31129.286
MinimumVisualStudioVersion = 10.0.40219.1
Project("{FAE04EC0-301F-11D3-BF4B-00C04F79EFBC}") = "Auden", "Auden\Auden.csproj", "{78760051-6AFE-46C1-B507-22E5F723EBA2}"
EndProject
Global
	GlobalSection(SolutionConfigurationPlatforms) = preSolution
		Debug|Any CPU = Debug|Any CPU
		Release|Any CPU = Release|Any CPU
	EndGlobalSection
	GlobalSection(ProjectConfigurationPlatforms) = postSolution
		{78760051-6AFE-46C1-B507-22E5F723EBA2}.Debug|Any CPU.ActiveCfg = Debug|Any CPU
		{78760051-6AFE-46C1-B507-22E5F723EBA2}.Debug|Any CPU.Build.0 = Debug|Any CPU
		{78760051-6AFE-46C1-B507-22E5F723EBA2}.Release|Any CPU.ActiveCfg = Release|Any CPU
		{78760051-6AFE-46C1-B507-22E5F723EBA2}.Release|Any CPU.Build.0 = Release|Any CPU
	EndGlobalSection
	GlobalSection(SolutionProperties) = preSolution
		HideSolutionNode = FALSE
	EndGlobalSection
	GlobalSection(ExtensibilityGlobals) = postSolution
		SolutionGuid = {6A7B2809-6FE0-46E0-9433-5F7310F9DCB7}
	EndGlobalSection
EndGlobal
